
Microsoft Visual Studio Solution File, Format Version 12.00
# Visual Studio Version 16
VisualStudioVersion = 16.0.30011.22
MinimumVisualStudioVersion = 10.0.40219.1
Project("{9A19103F-16F7-4668-BE54-9A1E7A4F7556}") = "WerewolfWebApp", "Source\WerewolfWebApp.csproj", "{FC785A0F-D12C-431D-9E69-EA602C7D7579}"
EndProject
Project("{9A19103F-16F7-4668-BE54-9A1E7A4F7556}") = "WerewoldWebAppTests", "Testing\WerewoldWebAppTests.csproj", "{C78CDCA8-D912-4C6A-A330-42B5EC9C46C8}"
EndProject
Global
	GlobalSection(SolutionConfigurationPlatforms) = preSolution
		Debug|Any CPU = Debug|Any CPU
		Release|Any CPU = Release|Any CPU
	EndGlobalSection
	GlobalSection(ProjectConfigurationPlatforms) = postSolution
		{FC785A0F-D12C-431D-9E69-EA602C7D7579}.Debug|Any CPU.ActiveCfg = Debug|Any CPU
		{FC785A0F-D12C-431D-9E69-EA602C7D7579}.Debug|Any CPU.Build.0 = Debug|Any CPU
		{FC785A0F-D12C-431D-9E69-EA602C7D7579}.Release|Any CPU.ActiveCfg = Release|Any CPU
		{FC785A0F-D12C-431D-9E69-EA602C7D7579}.Release|Any CPU.Build.0 = Release|Any CPU
		{C78CDCA8-D912-4C6A-A330-42B5EC9C46C8}.Debug|Any CPU.ActiveCfg = Debug|Any CPU
		{C78CDCA8-D912-4C6A-A330-42B5EC9C46C8}.Debug|Any CPU.Build.0 = Debug|Any CPU
		{C78CDCA8-D912-4C6A-A330-42B5EC9C46C8}.Release|Any CPU.ActiveCfg = Release|Any CPU
		{C78CDCA8-D912-4C6A-A330-42B5EC9C46C8}.Release|Any CPU.Build.0 = Release|Any CPU
	EndGlobalSection
	GlobalSection(SolutionProperties) = preSolution
		HideSolutionNode = FALSE
	EndGlobalSection
	GlobalSection(ExtensibilityGlobals) = postSolution
		SolutionGuid = {0A51486F-8FE0-419E-A9D0-4416CF58BDBC}
	EndGlobalSection
EndGlobal
