
Microsoft Visual Studio Solution File, Format Version 12.00
# Visual Studio Version 16
VisualStudioVersion = 16.0.30011.22
MinimumVisualStudioVersion = 10.0.40219.1
Project("{2150E333-8FDC-42A3-9474-1A3956D46DE8}") = "Solution Items", "Solution Items", "{8AC39496-3B71-4204-8658-943BA3097277}"
	ProjectSection(SolutionItems) = preProject
		.editorconfig = .editorconfig
	EndProjectSection
EndProject
Project("{9A19103F-16F7-4668-BE54-9A1E7A4F7556}") = "WerewolfDomain", "src\WerewolfDomain.csproj", "{3C67A265-C2E1-46A3-B83D-4D81AEACB28A}"
EndProject
Project("{9A19103F-16F7-4668-BE54-9A1E7A4F7556}") = "WerewolfDomainTests", "tests\WerewolfDomainTests.csproj", "{2245EFAA-9BC5-46BD-A294-C26C7120EB4D}"
EndProject
Global
	GlobalSection(SolutionConfigurationPlatforms) = preSolution
		Debug|Any CPU = Debug|Any CPU
		Release|Any CPU = Release|Any CPU
	EndGlobalSection
	GlobalSection(ProjectConfigurationPlatforms) = postSolution
		{3C67A265-C2E1-46A3-B83D-4D81AEACB28A}.Debug|Any CPU.ActiveCfg = Debug|Any CPU
		{3C67A265-C2E1-46A3-B83D-4D81AEACB28A}.Debug|Any CPU.Build.0 = Debug|Any CPU
		{3C67A265-C2E1-46A3-B83D-4D81AEACB28A}.Release|Any CPU.ActiveCfg = Release|Any CPU
		{3C67A265-C2E1-46A3-B83D-4D81AEACB28A}.Release|Any CPU.Build.0 = Release|Any CPU
		{2245EFAA-9BC5-46BD-A294-C26C7120EB4D}.Debug|Any CPU.ActiveCfg = Debug|Any CPU
		{2245EFAA-9BC5-46BD-A294-C26C7120EB4D}.Debug|Any CPU.Build.0 = Debug|Any CPU
		{2245EFAA-9BC5-46BD-A294-C26C7120EB4D}.Release|Any CPU.ActiveCfg = Release|Any CPU
		{2245EFAA-9BC5-46BD-A294-C26C7120EB4D}.Release|Any CPU.Build.0 = Release|Any CPU
	EndGlobalSection
	GlobalSection(SolutionProperties) = preSolution
		HideSolutionNode = FALSE
	EndGlobalSection
	GlobalSection(NestedProjects) = preSolution
		{3C67A265-C2E1-46A3-B83D-4D81AEACB28A} = {8AC39496-3B71-4204-8658-943BA3097277}
	EndGlobalSection
	GlobalSection(ExtensibilityGlobals) = postSolution
		SolutionGuid = {D5732D56-F124-4288-A98E-DBE6B6912676}
	EndGlobalSection
EndGlobal
