
Microsoft Visual Studio Solution File, Format Version 12.00
# Visual Studio Version 16
VisualStudioVersion = 16.0.30011.22
MinimumVisualStudioVersion = 10.0.40219.1
Project("{9A19103F-16F7-4668-BE54-9A1E7A4F7556}") = "PhaseLibrary", "src\PhaseLibrary.csproj", "{D2E93977-7CDA-4915-A105-492112778AA2}"
EndProject
Project("{9A19103F-16F7-4668-BE54-9A1E7A4F7556}") = "PhaseTests", "tests\PhaseTests.csproj", "{24930505-3E26-4E49-BBA4-A13D9B870BDB}"
EndProject
Global
	GlobalSection(SolutionConfigurationPlatforms) = preSolution
		Debug|Any CPU = Debug|Any CPU
		Release|Any CPU = Release|Any CPU
	EndGlobalSection
	GlobalSection(ProjectConfigurationPlatforms) = postSolution
		{D2E93977-7CDA-4915-A105-492112778AA2}.Debug|Any CPU.ActiveCfg = Debug|Any CPU
		{D2E93977-7CDA-4915-A105-492112778AA2}.Debug|Any CPU.Build.0 = Debug|Any CPU
		{D2E93977-7CDA-4915-A105-492112778AA2}.Release|Any CPU.ActiveCfg = Release|Any CPU
		{D2E93977-7CDA-4915-A105-492112778AA2}.Release|Any CPU.Build.0 = Release|Any CPU
		{24930505-3E26-4E49-BBA4-A13D9B870BDB}.Debug|Any CPU.ActiveCfg = Debug|Any CPU
		{24930505-3E26-4E49-BBA4-A13D9B870BDB}.Debug|Any CPU.Build.0 = Debug|Any CPU
		{24930505-3E26-4E49-BBA4-A13D9B870BDB}.Release|Any CPU.ActiveCfg = Release|Any CPU
		{24930505-3E26-4E49-BBA4-A13D9B870BDB}.Release|Any CPU.Build.0 = Release|Any CPU
	EndGlobalSection
	GlobalSection(SolutionProperties) = preSolution
		HideSolutionNode = FALSE
	EndGlobalSection
	GlobalSection(ExtensibilityGlobals) = postSolution
		SolutionGuid = {5B3018E8-45EA-4B89-8C62-A9C6561D4DE8}
	EndGlobalSection
EndGlobal
